
Microsoft Visual Studio Solution File, Format Version 11.00
# Visual Studio 2010
Project("{FAE04EC0-301F-11D3-BF4B-00C04F79EFBC}") = "MusicAcademy", "MusicAcademy\MusicAcademy.csproj", "{222B55D5-EDBC-463E-A240-F3E7B77A1013}"
EndProject
Global
	GlobalSection(SolutionConfigurationPlatforms) = preSolution
		Debug|Any CPU = Debug|Any CPU
		Release|Any CPU = Release|Any CPU
	EndGlobalSection
	GlobalSection(ProjectConfigurationPlatforms) = postSolution
		{222B55D5-EDBC-463E-A240-F3E7B77A1013}.Debug|Any CPU.ActiveCfg = Debug|Any CPU
		{222B55D5-EDBC-463E-A240-F3E7B77A1013}.Debug|Any CPU.Build.0 = Debug|Any CPU
		{222B55D5-EDBC-463E-A240-F3E7B77A1013}.Release|Any CPU.ActiveCfg = Release|Any CPU
		{222B55D5-EDBC-463E-A240-F3E7B77A1013}.Release|Any CPU.Build.0 = Release|Any CPU
	EndGlobalSection
	GlobalSection(SolutionProperties) = preSolution
		HideSolutionNode = FALSE
	EndGlobalSection
EndGlobal
